// !$*UTF8*$!
{
	archiveVersion = 1;
	classes = {
	};
	objectVersion = 55;
	objects = {

/* Begin PBXBuildFile section */
		AD9848E02731EE080044FAA2 /* AppDelegate.swift in Sources */ = {isa = PBXBuildFile; fileRef = AD9848DF2731EE080044FAA2 /* AppDelegate.swift */; };
		AD9848E22731EE080044FAA2 /* SceneDelegate.swift in Sources */ = {isa = PBXBuildFile; fileRef = AD9848E12731EE080044FAA2 /* SceneDelegate.swift */; };
		AD9848E72731EE080044FAA2 /* Main.storyboard in Resources */ = {isa = PBXBuildFile; fileRef = AD9848E52731EE080044FAA2 /* Main.storyboard */; };
		AD9848E92731EE090044FAA2 /* Assets.xcassets in Resources */ = {isa = PBXBuildFile; fileRef = AD9848E82731EE090044FAA2 /* Assets.xcassets */; };
		AD9848EC2731EE090044FAA2 /* LaunchScreen.storyboard in Resources */ = {isa = PBXBuildFile; fileRef = AD9848EA2731EE090044FAA2 /* LaunchScreen.storyboard */; };
		AD9848F42731EF670044FAA2 /* illustrationViewController.swift in Sources */ = {isa = PBXBuildFile; fileRef = AD9848F32731EF670044FAA2 /* illustrationViewController.swift */; };
		AD9848F62731EFC20044FAA2 /* TableSelectionTableViewController.swift in Sources */ = {isa = PBXBuildFile; fileRef = AD9848F52731EFC20044FAA2 /* TableSelectionTableViewController.swift */; };
		AD9848FA2731F1AD0044FAA2 /* Fellowship.swift in Sources */ = {isa = PBXBuildFile; fileRef = AD9848F92731F1AD0044FAA2 /* Fellowship.swift */; };
/* End PBXBuildFile section */

/* Begin PBXFileReference section */
		AD9848DC2731EE080044FAA2 /* homework3.app */ = {isa = PBXFileReference; explicitFileType = wrapper.application; includeInIndex = 0; path = homework3.app; sourceTree = BUILT_PRODUCTS_DIR; };
		AD9848DF2731EE080044FAA2 /* AppDelegate.swift */ = {isa = PBXFileReference; lastKnownFileType = sourcecode.swift; path = AppDelegate.swift; sourceTree = "<group>"; };
		AD9848E12731EE080044FAA2 /* SceneDelegate.swift */ = {isa = PBXFileReference; lastKnownFileType = sourcecode.swift; path = SceneDelegate.swift; sourceTree = "<group>"; };
		AD9848E62731EE080044FAA2 /* Base */ = {isa = PBXFileReference; lastKnownFileType = file.storyboard; name = Base; path = Base.lproj/Main.storyboard; sourceTree = "<group>"; };
		AD9848E82731EE090044FAA2 /* Assets.xcassets */ = {isa = PBXFileReference; lastKnownFileType = folder.assetcatalog; path = Assets.xcassets; sourceTree = "<group>"; };
		AD9848EB2731EE090044FAA2 /* Base */ = {isa = PBXFileReference; lastKnownFileType = file.storyboard; name = Base; path = Base.lproj/LaunchScreen.storyboard; sourceTree = "<group>"; };
		AD9848ED2731EE090044FAA2 /* Info.plist */ = {isa = PBXFileReference; lastKnownFileType = text.plist.xml; path = Info.plist; sourceTree = "<group>"; };
		AD9848F32731EF670044FAA2 /* illustrationViewController.swift */ = {isa = PBXFileReference; lastKnownFileType = sourcecode.swift; path = illustrationViewController.swift; sourceTree = "<group>"; };
		AD9848F52731EFC20044FAA2 /* TableSelectionTableViewController.swift */ = {isa = PBXFileReference; lastKnownFileType = sourcecode.swift; path = TableSelectionTableViewController.swift; sourceTree = "<group>"; };
		AD9848F92731F1AD0044FAA2 /* Fellowship.swift */ = {isa = PBXFileReference; lastKnownFileType = sourcecode.swift; path = Fellowship.swift; sourceTree = "<group>"; };
/* End PBXFileReference section */

/* Begin PBXFrameworksBuildPhase section */
		AD9848D92731EE080044FAA2 /* Frameworks */ = {
			isa = PBXFrameworksBuildPhase;
			buildActionMask = 2147483647;
			files = (
			);
			runOnlyForDeploymentPostprocessing = 0;
		};
/* End PBXFrameworksBuildPhase section */

/* Begin PBXGroup section */
		AD9848D32731EE080044FAA2 = {
			isa = PBXGroup;
			children = (
				AD9848DE2731EE080044FAA2 /* homework3 */,
				AD9848DD2731EE080044FAA2 /* Products */,
			);
			sourceTree = "<group>";
		};
		AD9848DD2731EE080044FAA2 /* Products */ = {
			isa = PBXGroup;
			children = (
				AD9848DC2731EE080044FAA2 /* homework3.app */,
			);
			name = Products;
			sourceTree = "<group>";
		};
		AD9848DE2731EE080044FAA2 /* homework3 */ = {
			isa = PBXGroup;
			children = (
				AD9848F82731EFEA0044FAA2 /* Model */,
				AD9848F72731EFDD0044FAA2 /* VC */,
				AD9848DF2731EE080044FAA2 /* AppDelegate.swift */,
				AD9848E12731EE080044FAA2 /* SceneDelegate.swift */,
				AD9848E52731EE080044FAA2 /* Main.storyboard */,
				AD9848E82731EE090044FAA2 /* Assets.xcassets */,
				AD9848EA2731EE090044FAA2 /* LaunchScreen.storyboard */,
				AD9848ED2731EE090044FAA2 /* Info.plist */,
			);
			path = homework3;
			sourceTree = "<group>";
		};
		AD9848F72731EFDD0044FAA2 /* VC */ = {
			isa = PBXGroup;
			children = (
				AD9848F52731EFC20044FAA2 /* TableSelectionTableViewController.swift */,
				AD9848F32731EF670044FAA2 /* illustrationViewController.swift */,
			);
			path = VC;
			sourceTree = "<group>";
		};
		AD9848F82731EFEA0044FAA2 /* Model */ = {
			isa = PBXGroup;
			children = (
				AD9848F92731F1AD0044FAA2 /* Fellowship.swift */,
			);
			path = Model;
			sourceTree = "<group>";
		};
/* End PBXGroup section */

/* Begin PBXNativeTarget section */
		AD9848DB2731EE080044FAA2 /* homework3 */ = {
			isa = PBXNativeTarget;
			buildConfigurationList = AD9848F02731EE090044FAA2 /* Build configuration list for PBXNativeTarget "homework3" */;
			buildPhases = (
				AD9848D82731EE080044FAA2 /* Sources */,
				AD9848D92731EE080044FAA2 /* Frameworks */,
				AD9848DA2731EE080044FAA2 /* Resources */,
			);
			buildRules = (
			);
			dependencies = (
			);
			name = homework3;
			productName = homework3;
			productReference = AD9848DC2731EE080044FAA2 /* homework3.app */;
			productType = "com.apple.product-type.application";
		};
/* End PBXNativeTarget section */

/* Begin PBXProject section */
		AD9848D42731EE080044FAA2 /* Project object */ = {
			isa = PBXProject;
			attributes = {
				BuildIndependentTargetsInParallel = 1;
				LastSwiftUpdateCheck = 1310;
				LastUpgradeCheck = 1310;
				TargetAttributes = {
					AD9848DB2731EE080044FAA2 = {
						CreatedOnToolsVersion = 13.1;
					};
				};
			};
			buildConfigurationList = AD9848D72731EE080044FAA2 /* Build configuration list for PBXProject "homework3" */;
			compatibilityVersion = "Xcode 13.0";
			developmentRegion = en;
			hasScannedForEncodings = 0;
			knownRegions = (
				en,
				Base,
			);
			mainGroup = AD9848D32731EE080044FAA2;
			productRefGroup = AD9848DD2731EE080044FAA2 /* Products */;
			projectDirPath = "";
			projectRoot = "";
			targets = (
				AD9848DB2731EE080044FAA2 /* homework3 */,
			);
		};
/* End PBXProject section */

/* Begin PBXResourcesBuildPhase section */
		AD9848DA2731EE080044FAA2 /* Resources */ = {
			isa = PBXResourcesBuildPhase;
			buildActionMask = 2147483647;
			files = (
				AD9848EC2731EE090044FAA2 /* LaunchScreen.storyboard in Resources */,
				AD9848E92731EE090044FAA2 /* Assets.xcassets in Resources */,
				AD9848E72731EE080044FAA2 /* Main.storyboard in Resources */,
			);
			runOnlyForDeploymentPostprocessing = 0;
		};
/* End PBXResourcesBuildPhase section */

/* Begin PBXSourcesBuildPhase section */
		AD9848D82731EE080044FAA2 /* Sources */ = {
			isa = PBXSourcesBuildPhase;
			buildActionMask = 2147483647;
			files = (
				AD9848E02731EE080044FAA2 /* AppDelegate.swift in Sources */,
				AD9848FA2731F1AD0044FAA2 /* Fellowship.swift in Sources */,
				AD9848F42731EF670044FAA2 /* illustrationViewController.swift in Sources */,
				AD9848E22731EE080044FAA2 /* SceneDelegate.swift in Sources */,
				AD9848F62731EFC20044FAA2 /* TableSelectionTableViewController.swift in Sources */,
			);
			runOnlyForDeploymentPostprocessing = 0;
		};
/* End PBXSourcesBuildPhase section */

/* Begin PBXVariantGroup section */
		AD9848E52731EE080044FAA2 /* Main.storyboard */ = {
			isa = PBXVariantGroup;
			children = (
				AD9848E62731EE080044FAA2 /* Base */,
			);
			name = Main.storyboard;
			sourceTree = "<group>";
		};
		AD9848EA2731EE090044FAA2 /* LaunchScreen.storyboard */ = {
			isa = PBXVariantGroup;
			children = (
				AD9848EB2731EE090044FAA2 /* Base */,
			);
			name = LaunchScreen.storyboard;
			sourceTree = "<group>";
		};
/* End PBXVariantGroup section */

/* Begin XCBuildConfiguration section */
		AD9848EE2731EE090044FAA2 /* Debug */ = {
			isa = XCBuildConfiguration;
			buildSettings = {
				ALWAYS_SEARCH_USER_PATHS = NO;
				CLANG_ANALYZER_NONNULL = YES;
				CLANG_ANALYZER_NUMBER_OBJECT_CONVERSION = YES_AGGRESSIVE;
				CLANG_CXX_LANGUAGE_STANDARD = "gnu++17";
				CLANG_CXX_LIBRARY = "libc++";
				CLANG_ENABLE_MODULES = YES;
				CLANG_ENABLE_OBJC_ARC = YES;
				CLANG_ENABLE_OBJC_WEAK = YES;
				CLANG_WARN_BLOCK_CAPTURE_AUTORELEASING = YES;
				CLANG_WARN_BOOL_CONVERSION = YES;
				CLANG_WARN_COMMA = YES;
				CLANG_WARN_CONSTANT_CONVERSION = YES;
				CLANG_WARN_DEPRECATED_OBJC_IMPLEMENTATIONS = YES;
				CLANG_WARN_DIRECT_OBJC_ISA_USAGE = YES_ERROR;
				CLANG_WARN_DOCUMENTATION_COMMENTS = YES;
				CLANG_WARN_EMPTY_BODY = YES;
				CLANG_WARN_ENUM_CONVERSION = YES;
				CLANG_WARN_INFINITE_RECURSION = YES;
				CLANG_WARN_INT_CONVERSION = YES;
				CLANG_WARN_NON_LITERAL_NULL_CONVERSION = YES;
				CLANG_WARN_OBJC_IMPLICIT_RETAIN_SELF = YES;
				CLANG_WARN_OBJC_LITERAL_CONVERSION = YES;
				CLANG_WARN_OBJC_ROOT_CLASS = YES_ERROR;
				CLANG_WARN_QUOTED_INCLUDE_IN_FRAMEWORK_HEADER = YES;
				CLANG_WARN_RANGE_LOOP_ANALYSIS = YES;
				CLANG_WARN_STRICT_PROTOTYPES = YES;
				CLANG_WARN_SUSPICIOUS_MOVE = YES;
				CLANG_WARN_UNGUARDED_AVAILABILITY = YES_AGGRESSIVE;
				CLANG_WARN_UNREACHABLE_CODE = YES;
				CLANG_WARN__DUPLICATE_METHOD_MATCH = YES;
				COPY_PHASE_STRIP = NO;
				DEBUG_INFORMATION_FORMAT = dwarf;
				ENABLE_STRICT_OBJC_MSGSEND = YES;
				ENABLE_TESTABILITY = YES;
				GCC_C_LANGUAGE_STANDARD = gnu11;
				GCC_DYNAMIC_NO_PIC = NO;
				GCC_NO_COMMON_BLOCKS = YES;
				GCC_OPTIMIZATION_LEVEL = 0;
				GCC_PREPROCESSOR_DEFINITIONS = (
					"DEBUG=1",
					"$(inherited)",
				);
				GCC_WARN_64_TO_32_BIT_CONVERSION = YES;
				GCC_WARN_ABOUT_RETURN_TYPE = YES_ERROR;
				GCC_WARN_UNDECLARED_SELECTOR = YES;
				GCC_WARN_UNINITIALIZED_AUTOS = YES_AGGRESSIVE;
				GCC_WARN_UNUSED_FUNCTION = YES;
				GCC_WARN_UNUSED_VARIABLE = YES;
				IPHONEOS_DEPLOYMENT_TARGET = 15.0;
				MTL_ENABLE_DEBUG_INFO = INCLUDE_SOURCE;
				MTL_FAST_MATH = YES;
				ONLY_ACTIVE_ARCH = YES;
				SDKROOT = iphoneos;
				SWIFT_ACTIVE_COMPILATION_CONDITIONS = DEBUG;
				SWIFT_OPTIMIZATION_LEVEL = "-Onone";
			};
			name = Debug;
		};
		AD9848EF2731EE090044FAA2 /* Release */ = {
			isa = XCBuildConfiguration;
			buildSettings = {
				ALWAYS_SEARCH_USER_PATHS = NO;
				CLANG_ANALYZER_NONNULL = YES;
				CLANG_ANALYZER_NUMBER_OBJECT_CONVERSION = YES_AGGRESSIVE;
				CLANG_CXX_LANGUAGE_STANDARD = "gnu++17";
				CLANG_CXX_LIBRARY = "libc++";
				CLANG_ENABLE_MODULES = YES;
				CLANG_ENABLE_OBJC_ARC = YES;
				CLANG_ENABLE_OBJC_WEAK = YES;
				CLANG_WARN_BLOCK_CAPTURE_AUTORELEASING = YES;
				CLANG_WARN_BOOL_CONVERSION = YES;
				CLANG_WARN_COMMA = YES;
				CLANG_WARN_CONSTANT_CONVERSION = YES;
				CLANG_WARN_DEPRECATED_OBJC_IMPLEMENTATIONS = YES;
				CLANG_WARN_DIRECT_OBJC_ISA_USAGE = YES_ERROR;
				CLANG_WARN_DOCUMENTATION_COMMENTS = YES;
				CLANG_WARN_EMPTY_BODY = YES;
				CLANG_WARN_ENUM_CONVERSION = YES;
				CLANG_WARN_INFINITE_RECURSION = YES;
				CLANG_WARN_INT_CONVERSION = YES;
				CLANG_WARN_NON_LITERAL_NULL_CONVERSION = YES;
				CLANG_WARN_OBJC_IMPLICIT_RETAIN_SELF = YES;
				CLANG_WARN_OBJC_LITERAL_CONVERSION = YES;
				CLANG_WARN_OBJC_ROOT_CLASS = YES_ERROR;
				CLANG_WARN_QUOTED_INCLUDE_IN_FRAMEWORK_HEADER = YES;
				CLANG_WARN_RANGE_LOOP_ANALYSIS = YES;
				CLANG_WARN_STRICT_PROTOTYPES = YES;
				CLANG_WARN_SUSPICIOUS_MOVE = YES;
				CLANG_WARN_UNGUARDED_AVAILABILITY = YES_AGGRESSIVE;
				CLANG_WARN_UNREACHABLE_CODE = YES;
				CLANG_WARN__DUPLICATE_METHOD_MATCH = YES;
				COPY_PHASE_STRIP = NO;
				DEBUG_INFORMATION_FORMAT = "dwarf-with-dsym";
				ENABLE_NS_ASSERTIONS = NO;
				ENABLE_STRICT_OBJC_MSGSEND = YES;
				GCC_C_LANGUAGE_STANDARD = gnu11;
				GCC_NO_COMMON_BLOCKS = YES;
				GCC_WARN_64_TO_32_BIT_CONVERSION = YES;
				GCC_WARN_ABOUT_RETURN_TYPE = YES_ERROR;
				GCC_WARN_UNDECLARED_SELECTOR = YES;
				GCC_WARN_UNINITIALIZED_AUTOS = YES_AGGRESSIVE;
				GCC_WARN_UNUSED_FUNCTION = YES;
				GCC_WARN_UNUSED_VARIABLE = YES;
				IPHONEOS_DEPLOYMENT_TARGET = 15.0;
				MTL_ENABLE_DEBUG_INFO = NO;
				MTL_FAST_MATH = YES;
				SDKROOT = iphoneos;
				SWIFT_COMPILATION_MODE = wholemodule;
				SWIFT_OPTIMIZATION_LEVEL = "-O";
				VALIDATE_PRODUCT = YES;
			};
			name = Release;
		};
		AD9848F12731EE090044FAA2 /* Debug */ = {
			isa = XCBuildConfiguration;
			buildSettings = {
				ASSETCATALOG_COMPILER_APPICON_NAME = AppIcon;
				ASSETCATALOG_COMPILER_GLOBAL_ACCENT_COLOR_NAME = AccentColor;
				CODE_SIGN_STYLE = Automatic;
				CURRENT_PROJECT_VERSION = 1;
				GENERATE_INFOPLIST_FILE = YES;
				INFOPLIST_FILE = homework3/Info.plist;
				INFOPLIST_KEY_UIApplicationSupportsIndirectInputEvents = YES;
				INFOPLIST_KEY_UILaunchStoryboardName = LaunchScreen;
				INFOPLIST_KEY_UIMainStoryboardFile = Main;
				INFOPLIST_KEY_UISupportedInterfaceOrientations_iPad = "UIInterfaceOrientationPortrait UIInterfaceOrientationPortraitUpsideDown UIInterfaceOrientationLandscapeLeft UIInterfaceOrientationLandscapeRight";
				INFOPLIST_KEY_UISupportedInterfaceOrientations_iPhone = "UIInterfaceOrientationPortrait UIInterfaceOrientationLandscapeLeft UIInterfaceOrientationLandscapeRight";
				LD_RUNPATH_SEARCH_PATHS = (
					"$(inherited)",
					"@executable_path/Frameworks",
				);
				MARKETING_VERSION = 1.0;
				PRODUCT_BUNDLE_IDENTIFIER = com.mycompany.homework3;
				PRODUCT_NAME = "$(TARGET_NAME)";
				SWIFT_EMIT_LOC_STRINGS = YES;
				SWIFT_VERSION = 5.0;
				TARGETED_DEVICE_FAMILY = "1,2";
			};
			name = Debug;
		};
		AD9848F22731EE090044FAA2 /* Release */ = {
			isa = XCBuildConfiguration;
			buildSettings = {
				ASSETCATALOG_COMPILER_APPICON_NAME = AppIcon;
				ASSETCATALOG_COMPILER_GLOBAL_ACCENT_COLOR_NAME = AccentColor;
				CODE_SIGN_STYLE = Automatic;
				CURRENT_PROJECT_VERSION = 1;
				GENERATE_INFOPLIST_FILE = YES;
				INFOPLIST_FILE = homework3/Info.plist;
				INFOPLIST_KEY_UIApplicationSupportsIndirectInputEvents = YES;
				INFOPLIST_KEY_UILaunchStoryboardName = LaunchScreen;
				INFOPLIST_KEY_UIMainStoryboardFile = Main;
				INFOPLIST_KEY_UISupportedInterfaceOrientations_iPad = "UIInterfaceOrientationPortrait UIInterfaceOrientationPortraitUpsideDown UIInterfaceOrientationLandscapeLeft UIInterfaceOrientationLandscapeRight";
				INFOPLIST_KEY_UISupportedInterfaceOrientations_iPhone = "UIInterfaceOrientationPortrait UIInterfaceOrientationLandscapeLeft UIInterfaceOrientationLandscapeRight";
				LD_RUNPATH_SEARCH_PATHS = (
					"$(inherited)",
					"@executable_path/Frameworks",
				);
				MARKETING_VERSION = 1.0;
				PRODUCT_BUNDLE_IDENTIFIER = com.mycompany.homework3;
				PRODUCT_NAME = "$(TARGET_NAME)";
				SWIFT_EMIT_LOC_STRINGS = YES;
				SWIFT_VERSION = 5.0;
				TARGETED_DEVICE_FAMILY = "1,2";
			};
			name = Release;
		};
/* End XCBuildConfiguration section */

/* Begin XCConfigurationList section */
		AD9848D72731EE080044FAA2 /* Build configuration list for PBXProject "homework3" */ = {
			isa = XCConfigurationList;
			buildConfigurations = (
				AD9848EE2731EE090044FAA2 /* Debug */,
				AD9848EF2731EE090044FAA2 /* Release */,
			);
			defaultConfigurationIsVisible = 0;
			defaultConfigurationName = Release;
		};
		AD9848F02731EE090044FAA2 /* Build configuration list for PBXNativeTarget "homework3" */ = {
			isa = XCConfigurationList;
			buildConfigurations = (
				AD9848F12731EE090044FAA2 /* Debug */,
				AD9848F22731EE090044FAA2 /* Release */,
			);
			defaultConfigurationIsVisible = 0;
			defaultConfigurationName = Release;
		};
/* End XCConfigurationList section */
	};
	rootObject = AD9848D42731EE080044FAA2 /* Project object */;
}
